
Microsoft Visual Studio Solution File, Format Version 12.00
# Visual Studio 15
VisualStudioVersion = 15.0.28307.136
MinimumVisualStudioVersion = 10.0.40219.1
Project("{888888A0-9F3D-457C-B088-3A5042F75D52}") = "premier_league_score_predictor", "premier_league_score_predictor\premier_league_score_predictor.pyproj", "{8021CF5E-2A49-4E54-B65C-BD46DF27E9DC}"
EndProject
Global
	GlobalSection(SolutionConfigurationPlatforms) = preSolution
		Debug|Any CPU = Debug|Any CPU
		Release|Any CPU = Release|Any CPU
	EndGlobalSection
	GlobalSection(ProjectConfigurationPlatforms) = postSolution
		{8021CF5E-2A49-4E54-B65C-BD46DF27E9DC}.Debug|Any CPU.ActiveCfg = Debug|Any CPU
		{8021CF5E-2A49-4E54-B65C-BD46DF27E9DC}.Release|Any CPU.ActiveCfg = Release|Any CPU
	EndGlobalSection
	GlobalSection(SolutionProperties) = preSolution
		HideSolutionNode = FALSE
	EndGlobalSection
	GlobalSection(ExtensibilityGlobals) = postSolution
		SolutionGuid = {48EE4871-B36E-4EEA-8BEB-EDCB30DE2431}
	EndGlobalSection
EndGlobal
